
Microsoft Visual Studio Solution File, Format Version 12.00
# Visual Studio 15
VisualStudioVersion = 15.0.26228.9
MinimumVisualStudioVersion = 10.0.40219.1
Project("{FAE04EC0-301F-11D3-BF4B-00C04F79EFBC}") = "LocalizationTest.Android", "LocalizationTest\LocalizationTest.Android\LocalizationTest.Android.csproj", "{A350B661-42AE-4B9D-AA88-3444DC969FD9}"
EndProject
Project("{FAE04EC0-301F-11D3-BF4B-00C04F79EFBC}") = "LocalizationTest.iOS", "LocalizationTest\LocalizationTest.iOS\LocalizationTest.iOS.csproj", "{279BA24C-86F3-4EC8-9805-D26546B5582C}"
EndProject
Project("{FAE04EC0-301F-11D3-BF4B-00C04F79EFBC}") = "LocalizationTest", "LocalizationTest\LocalizationTest\LocalizationTest.csproj", "{620BD70A-A3F7-4D04-B53E-EE7C33F13CAC}"
EndProject
Global
	GlobalSection(SolutionConfigurationPlatforms) = preSolution
		Debug|Any CPU = Debug|Any CPU
		Debug|iPhone = Debug|iPhone
		Debug|iPhoneSimulator = Debug|iPhoneSimulator
		Release|Any CPU = Release|Any CPU
		Release|iPhone = Release|iPhone
		Release|iPhoneSimulator = Release|iPhoneSimulator
	EndGlobalSection
	GlobalSection(ProjectConfigurationPlatforms) = postSolution
		{A350B661-42AE-4B9D-AA88-3444DC969FD9}.Debug|Any CPU.ActiveCfg = Debug|Any CPU
		{A350B661-42AE-4B9D-AA88-3444DC969FD9}.Debug|Any CPU.Build.0 = Debug|Any CPU
		{A350B661-42AE-4B9D-AA88-3444DC969FD9}.Debug|Any CPU.Deploy.0 = Debug|Any CPU
		{A350B661-42AE-4B9D-AA88-3444DC969FD9}.Debug|iPhone.ActiveCfg = Debug|Any CPU
		{A350B661-42AE-4B9D-AA88-3444DC969FD9}.Debug|iPhone.Build.0 = Debug|Any CPU
		{A350B661-42AE-4B9D-AA88-3444DC969FD9}.Debug|iPhone.Deploy.0 = Debug|Any CPU
		{A350B661-42AE-4B9D-AA88-3444DC969FD9}.Debug|iPhoneSimulator.ActiveCfg = Debug|Any CPU
		{A350B661-42AE-4B9D-AA88-3444DC969FD9}.Debug|iPhoneSimulator.Build.0 = Debug|Any CPU
		{A350B661-42AE-4B9D-AA88-3444DC969FD9}.Debug|iPhoneSimulator.Deploy.0 = Debug|Any CPU
		{A350B661-42AE-4B9D-AA88-3444DC969FD9}.Release|Any CPU.ActiveCfg = Release|Any CPU
		{A350B661-42AE-4B9D-AA88-3444DC969FD9}.Release|Any CPU.Build.0 = Release|Any CPU
		{A350B661-42AE-4B9D-AA88-3444DC969FD9}.Release|Any CPU.Deploy.0 = Release|Any CPU
		{A350B661-42AE-4B9D-AA88-3444DC969FD9}.Release|iPhone.ActiveCfg = Release|Any CPU
		{A350B661-42AE-4B9D-AA88-3444DC969FD9}.Release|iPhone.Build.0 = Release|Any CPU
		{A350B661-42AE-4B9D-AA88-3444DC969FD9}.Release|iPhone.Deploy.0 = Release|Any CPU
		{A350B661-42AE-4B9D-AA88-3444DC969FD9}.Release|iPhoneSimulator.ActiveCfg = Release|Any CPU
		{A350B661-42AE-4B9D-AA88-3444DC969FD9}.Release|iPhoneSimulator.Build.0 = Release|Any CPU
		{A350B661-42AE-4B9D-AA88-3444DC969FD9}.Release|iPhoneSimulator.Deploy.0 = Release|Any CPU
		{279BA24C-86F3-4EC8-9805-D26546B5582C}.Debug|Any CPU.ActiveCfg = Debug|iPhone
		{279BA24C-86F3-4EC8-9805-D26546B5582C}.Debug|iPhone.ActiveCfg = Debug|iPhone
		{279BA24C-86F3-4EC8-9805-D26546B5582C}.Debug|iPhone.Build.0 = Debug|iPhone
		{279BA24C-86F3-4EC8-9805-D26546B5582C}.Debug|iPhoneSimulator.ActiveCfg = Debug|iPhoneSimulator
		{279BA24C-86F3-4EC8-9805-D26546B5582C}.Debug|iPhoneSimulator.Build.0 = Debug|iPhoneSimulator
		{279BA24C-86F3-4EC8-9805-D26546B5582C}.Release|Any CPU.ActiveCfg = Release|iPhone
		{279BA24C-86F3-4EC8-9805-D26546B5582C}.Release|iPhone.ActiveCfg = Release|iPhone
		{279BA24C-86F3-4EC8-9805-D26546B5582C}.Release|iPhone.Build.0 = Release|iPhone
		{279BA24C-86F3-4EC8-9805-D26546B5582C}.Release|iPhoneSimulator.ActiveCfg = Release|iPhoneSimulator
		{279BA24C-86F3-4EC8-9805-D26546B5582C}.Release|iPhoneSimulator.Build.0 = Release|iPhoneSimulator
		{620BD70A-A3F7-4D04-B53E-EE7C33F13CAC}.Debug|Any CPU.ActiveCfg = Debug|Any CPU
		{620BD70A-A3F7-4D04-B53E-EE7C33F13CAC}.Debug|Any CPU.Build.0 = Debug|Any CPU
		{620BD70A-A3F7-4D04-B53E-EE7C33F13CAC}.Debug|iPhone.ActiveCfg = Debug|Any CPU
		{620BD70A-A3F7-4D04-B53E-EE7C33F13CAC}.Debug|iPhone.Build.0 = Debug|Any CPU
		{620BD70A-A3F7-4D04-B53E-EE7C33F13CAC}.Debug|iPhoneSimulator.ActiveCfg = Debug|Any CPU
		{620BD70A-A3F7-4D04-B53E-EE7C33F13CAC}.Debug|iPhoneSimulator.Build.0 = Debug|Any CPU
		{620BD70A-A3F7-4D04-B53E-EE7C33F13CAC}.Release|Any CPU.ActiveCfg = Release|Any CPU
		{620BD70A-A3F7-4D04-B53E-EE7C33F13CAC}.Release|Any CPU.Build.0 = Release|Any CPU
		{620BD70A-A3F7-4D04-B53E-EE7C33F13CAC}.Release|iPhone.ActiveCfg = Release|Any CPU
		{620BD70A-A3F7-4D04-B53E-EE7C33F13CAC}.Release|iPhone.Build.0 = Release|Any CPU
		{620BD70A-A3F7-4D04-B53E-EE7C33F13CAC}.Release|iPhoneSimulator.ActiveCfg = Release|Any CPU
		{620BD70A-A3F7-4D04-B53E-EE7C33F13CAC}.Release|iPhoneSimulator.Build.0 = Release|Any CPU
	EndGlobalSection
	GlobalSection(SolutionProperties) = preSolution
		HideSolutionNode = FALSE
	EndGlobalSection
EndGlobal
